github.com/oirik/gosubcommand v0.0.0-20181009132036-939dbbd624ef h1:5KeRuFzrI1tWLZzcUDsz8SV4XB9NHxgLU4PqVhiTYhs=
github.com/oirik/gosubcommand v0.0.0-20181009132036-939dbbd624ef/go.mod h1:x6TjL9o4OzdaBRj1mgD/dlH8/wOVl/hXLObxDMn7+f4=
github.com/pkg/errors v0.8.0 h1:WdK/asTD0HN+q6hsWO3/vpuAkAr+tw6aNJNDFFf0+qw=
github.com/pkg/errors v0.8.0/go.mod h1:bwawxfHBFNV+L2hUp1rHADufV3IMtnDRdf1r5NINEl0=
golang.org/x/text v0.3.0 h1:g61tztE5qeGQ89tm6NTjjM9VPIm088od1l6aSorWRWg=
golang.org/x/text v0.3.0/go.mod h1:NqM8EUOU14njkJ3fqMW+pc6Ldnwhi/IjpwHt7yyuwOQ=
