# This file is autogenerated, do not edit; changes may be undone by the next 'dep ensure'.


[[projects]]
  branch = "master"
  digest = "1:524d8322935eff06c101c1d1e42c5086f93106b2bfe65e87dd20203399fd9467"
  name = "github.com/oirik/gosubcommand"
  packages = ["."]
  pruneopts = "UT"
  revision = "939dbbd624ef3f238e165dba814cfa231092069f"

[[projects]]
  digest = "1:40e195917a951a8bf867cd05de2a46aaf1806c50cf92eebf4c16f78cd196f747"
  name = "github.com/pkg/errors"
  packages = ["."]
  pruneopts = "UT"
  revision = "645ef00459ed84a119197bfb8d8205042c6df63d"
  version = "v0.8.0"

[[projects]]
  digest = "1:d68206177af514f2ff6889b6589eacb48c9b61c3bd9ee28af65575447c67bb94"
  name = "golang.org/x/text"
  packages = [
    "encoding",
    "encoding/internal",
    "encoding/internal/identifier",
    "encoding/japanese",
    "internal/gen",
    "internal/triegen",
    "internal/ucd",
    "transform",
    "unicode/cldr",
    "unicode/norm",
    "width",
  ]
  pruneopts = "UT"
  revision = "f21a4dfb5e38f5895301dc265a8def02365cc3d0"
  version = "v0.3.0"

[solve-meta]
  analyzer-name = "dep"
  analyzer-version = 1
  input-imports = [
    "github.com/oirik/gosubcommand",
    "github.com/pkg/errors",
    "golang.org/x/text/encoding/japanese",
    "golang.org/x/text/transform",
    "golang.org/x/text/unicode/norm",
    "golang.org/x/text/width",
  ]
  solver-name = "gps-cdcl"
  solver-version = 1
